{
  "object": {
    "pins": [
      {
        "package": "Alamofire",
        "repositoryURL": "https://github.com/Alamofire/Alamofire.git",
        "state": {
          "branch": null,
          "revision": "32573d05b91d8b7349ca31b4726e80212483f02a",
          "version": "4.8.0"
        }
      },
      {
        "package": "NetworkKit",
        "repositoryURL": "https://github.com/buscarini/networkkit.git",
        "state": {
          "branch": "Multiple_parameter_sets",
          "revision": "9ee03d50a2d805e3386a58123cdea6e6e34b59d8",
          "version": null
        }
      }
    ]
  },
  "version": 1
}
