{
  "object": {
    "pins": [
      {
        "package": "Alamofire",
        "repositoryURL": "https://github.com/Alamofire/Alamofire.git",
        "state": {
          "branch": null,
          "revision": "75bba56748359f297a83f620d45f72cf4ebee4e7",
          "version": "4.8.2"
        }
      },
      {
        "package": "NetworkKit",
        "repositoryURL": "https://github.com/buscarini/networkkit.git",
        "state": {
          "branch": null,
          "revision": "c9180a02f5e9b85edb15dd14dcfebd8f456fffdb",
          "version": "0.2.2"
        }
      }
    ]
  },
  "version": 1
}
